crawshaw.io/sqlite v0.1.2 h1:N17234KSbrpALUSEJ5AjTTf1u5Oym+FCXpBAs9Vi2Z4=
github.com/google/uuid v1.1.1 h1:Gkbcsh/GbpXz7lPftLA3P6TYMwjCLYm83jiFQZF/3gY=
github.com/google/uuid v1.1.1/go.mod h1:TIyPZe4MgqvfeYDBFedMoGGpEw/LqOeaOT+nhxU+yHo=
github.com/gorilla/mux v1.7.3 h1:gnP5JzjVOuiZD07fKKToCAOjS0yOpj/qPETTXCCS6hw=
github.com/gorilla/mux v1.7.3/go.mod h1:1lud6UwP+6orDFRuTfBEV8e9/aOM/c4fVVCaMa2zaAs=
github.com/mattn/go-sqlite3 v1.12.0 h1:u/x3mp++qUxvYfulZ4HKOvVO0JWhk7HtE8lWhbGz/Do=
github.com/mattn/go-sqlite3 v1.12.0/go.mod h1:FPy6KqzDD04eiIsT53CuJW3U88zkxoIYsOqkbpncsNc=
github.com/mattn/go-sqlite3 v2.0.0+incompatible h1:+afSeuaczjy4ZUN55wuDe1bCaAFBu0hg5Cf2Zw2ar0s=
github.com/mooncascade/toy-banklink v0.0.0-20200130070121-a6a3c3f25e44 h1:7zCpmrAUyfDvotEwqjzXVFuvkkjJnah/u0UAVA4WaZU=
